<?xml version="1.0" encoding="utf-8"?>
<Project ToolsVersion="4.0" xmlns="http://schemas.microsoft.com/developer/msbuild/2003">
  <ItemGroup>
    <Filter Include="game_logics">
      <UniqueIdentifier>{4da742a1-5037-4741-b71f-f950a1dbc2f5}</UniqueIdentifier>
    </Filter>
    <Filter Include="provided">
      <UniqueIdentifier>{f0c96a1f-2208-4215-aafd-3ae77cdf2173}</UniqueIdentifier>
    </Filter>
    <Filter Include="game_scene">
      <UniqueIdentifier>{fc988d25-50f8-41da-8711-f0302ae131c4}</UniqueIdentifier>
    </Filter>
  </ItemGroup>
  <ItemGroup>
    <ClInclude Include="JEngine.h">
      <Filter>provided</Filter>
    </ClInclude>
    <ClInclude Include="game_logics.h">
      <Filter>provided</Filter>
    </ClInclude>
    <ClInclude Include="game_scenes.h">
      <Filter>provided</Filter>
    </ClInclude>
    <ClInclude Include="pch.h">
      <Filter>provided</Filter>
    </ClInclude>
    <ClInclude Include="scene_controller.h">
      <Filter>game_logics</Filter>
    </ClInclude>
    <ClInclude Include="particle_conrtoller.h">
      <Filter>game_logics</Filter>
    </ClInclude>
    <ClInclude Include="level1.h">
      <Filter>game_scene</Filter>
    </ClInclude>
    <ClInclude Include="license.h">
      <Filter>game_scene</Filter>
    </ClInclude>
    <ClInclude Include="pause.h">
      <Filter>game_scene</Filter>
    </ClInclude>
    <ClInclude Include="player_attack.h">
      <Filter>game_logics</Filter>
    </ClInclude>
    <ClInclude Include="player_controller.h">
      <Filter>game_logics</Filter>
    </ClInclude>
    <ClInclude Include="bullet_logic.h">
      <Filter>game_logics</Filter>
    </ClInclude>
    <ClInclude Include="script_controller.h">
      <Filter>game_logics</Filter>
    </ClInclude>
    <ClInclude Include="level2.h">
      <Filter>game_scene</Filter>
    </ClInclude>
    <ClInclude Include="level3.h">
      <Filter>game_scene</Filter>
    </ClInclude>
    <ClInclude Include="environment_setter.h">
      <Filter>game_logics</Filter>
    </ClInclude>
    <ClInclude Include="level4.h">
      <Filter>game_scene</Filter>
    </ClInclude>
    <ClInclude Include="level5.h">
      <Filter>game_scene</Filter>
    </ClInclude>
    <ClInclude Include="level6.h">
      <Filter>game_scene</Filter>
    </ClInclude>
    <ClInclude Include="level7.h">
      <Filter>game_scene</Filter>
    </ClInclude>
    <ClInclude Include="level8.h">
      <Filter>game_scene</Filter>
    </ClInclude>
    <ClInclude Include="level9.h">
      <Filter>game_scene</Filter>
    </ClInclude>
    <ClInclude Include="camera_controller.h">
      <Filter>game_logics</Filter>
    </ClInclude>
    <ClInclude Include="topdown_controller.h">
      <Filter>game_logics</Filter>
    </ClInclude>
  </ItemGroup>
  <ItemGroup>
    <ClCompile Include="main.cpp">
      <Filter>provided</Filter>
    </ClCompile>
    <ClCompile Include="JEngine.cpp">
      <Filter>provided</Filter>
    </ClCompile>
    <ClCompile Include="scene_controller.cpp">
      <Filter>game_logics</Filter>
    </ClCompile>
    <ClCompile Include="particle_conrtoller.cpp">
      <Filter>game_logics</Filter>
    </ClCompile>
    <ClCompile Include="level1.cpp">
      <Filter>game_scene</Filter>
    </ClCompile>
    <ClCompile Include="license.cpp">
      <Filter>game_scene</Filter>
    </ClCompile>
    <ClCompile Include="pause.cpp">
      <Filter>game_scene</Filter>
    </ClCompile>
    <ClCompile Include="player_attack.cpp">
      <Filter>game_logics</Filter>
    </ClCompile>
    <ClCompile Include="player_controller.cpp">
      <Filter>game_logics</Filter>
    </ClCompile>
    <ClCompile Include="bullet_logic.cpp">
      <Filter>game_logics</Filter>
    </ClCompile>
    <ClCompile Include="script_controller.cpp">
      <Filter>game_logics</Filter>
    </ClCompile>
    <ClCompile Include="level2.cpp">
      <Filter>game_scene</Filter>
    </ClCompile>
    <ClCompile Include="level3.cpp">
      <Filter>game_scene</Filter>
    </ClCompile>
    <ClCompile Include="environment_setter.cpp">
      <Filter>game_logics</Filter>
    </ClCompile>
    <ClCompile Include="level4.cpp">
      <Filter>game_scene</Filter>
    </ClCompile>
    <ClCompile Include="level5.cpp">
      <Filter>game_scene</Filter>
    </ClCompile>
    <ClCompile Include="level6.cpp">
      <Filter>game_scene</Filter>
    </ClCompile>
    <ClCompile Include="level7.cpp">
      <Filter>game_scene</Filter>
    </ClCompile>
    <ClCompile Include="level8.cpp">
      <Filter>game_scene</Filter>
    </ClCompile>
    <ClCompile Include="level9.cpp">
      <Filter>game_scene</Filter>
    </ClCompile>
    <ClCompile Include="camera_controller.cpp">
      <Filter>game_logics</Filter>
    </ClCompile>
    <ClCompile Include="topdown_controller.cpp">
      <Filter>game_logics</Filter>
    </ClCompile>
  </ItemGroup>
</Project>